
Microsoft Visual Studio Solution File, Format Version 12.00
# Visual Studio Version 16
VisualStudioVersion = 16.0.33130.400
MinimumVisualStudioVersion = 10.0.40219.1
Project("{FAE04EC0-301F-11D3-BF4B-00C04F79EFBC}") = "fabr1que-dll", "fabr1que-dll\fabr1que-dll.csproj", "{1C8FD87D-78ED-4E84-9F7F-61B747DBCC8F}"
EndProject
Global
	GlobalSection(SolutionConfigurationPlatforms) = preSolution
		Debug|Any CPU = Debug|Any CPU
		Release|Any CPU = Release|Any CPU
	EndGlobalSection
	GlobalSection(ProjectConfigurationPlatforms) = postSolution
		{1C8FD87D-78ED-4E84-9F7F-61B747DBCC8F}.Debug|Any CPU.ActiveCfg = Debug|Any CPU
		{1C8FD87D-78ED-4E84-9F7F-61B747DBCC8F}.Debug|Any CPU.Build.0 = Debug|Any CPU
		{1C8FD87D-78ED-4E84-9F7F-61B747DBCC8F}.Release|Any CPU.ActiveCfg = Release|Any CPU
		{1C8FD87D-78ED-4E84-9F7F-61B747DBCC8F}.Release|Any CPU.Build.0 = Release|Any CPU
	EndGlobalSection
	GlobalSection(SolutionProperties) = preSolution
		HideSolutionNode = FALSE
	EndGlobalSection
	GlobalSection(ExtensibilityGlobals) = postSolution
		SolutionGuid = {1235E616-1AEE-4090-B191-177B6BF590E0}
	EndGlobalSection
EndGlobal
